
Microsoft Visual Studio Solution File, Format Version 12.00
# Visual Studio Version 16
VisualStudioVersion = 16.0.31129.286
MinimumVisualStudioVersion = 10.0.40219.1
Project("{FAE04EC0-301F-11D3-BF4B-00C04F79EFBC}") = "AsyncServer", "AsyncServer\AsyncServer.csproj", "{EF4E3AE1-1E73-4D3C-9ACB-E3C65A708DE9}"
EndProject
Project("{FAE04EC0-301F-11D3-BF4B-00C04F79EFBC}") = "AsyncClient", "AsyncClient\AsyncClient.csproj", "{DDA6FAE9-020F-421E-A09E-B47D09EB52BD}"
EndProject
Global
	GlobalSection(SolutionConfigurationPlatforms) = preSolution
		Debug|Any CPU = Debug|Any CPU
		Release|Any CPU = Release|Any CPU
	EndGlobalSection
	GlobalSection(ProjectConfigurationPlatforms) = postSolution
		{EF4E3AE1-1E73-4D3C-9ACB-E3C65A708DE9}.Debug|Any CPU.ActiveCfg = Debug|Any CPU
		{EF4E3AE1-1E73-4D3C-9ACB-E3C65A708DE9}.Debug|Any CPU.Build.0 = Debug|Any CPU
		{EF4E3AE1-1E73-4D3C-9ACB-E3C65A708DE9}.Release|Any CPU.ActiveCfg = Release|Any CPU
		{EF4E3AE1-1E73-4D3C-9ACB-E3C65A708DE9}.Release|Any CPU.Build.0 = Release|Any CPU
		{DDA6FAE9-020F-421E-A09E-B47D09EB52BD}.Debug|Any CPU.ActiveCfg = Debug|Any CPU
		{DDA6FAE9-020F-421E-A09E-B47D09EB52BD}.Debug|Any CPU.Build.0 = Debug|Any CPU
		{DDA6FAE9-020F-421E-A09E-B47D09EB52BD}.Release|Any CPU.ActiveCfg = Release|Any CPU
		{DDA6FAE9-020F-421E-A09E-B47D09EB52BD}.Release|Any CPU.Build.0 = Release|Any CPU
	EndGlobalSection
	GlobalSection(SolutionProperties) = preSolution
		HideSolutionNode = FALSE
	EndGlobalSection
	GlobalSection(ExtensibilityGlobals) = postSolution
		SolutionGuid = {6CE2C3DB-EFEF-4224-BA54-764C9AB0024A}
	EndGlobalSection
EndGlobal
